// !$*UTF8*$!
{
	archiveVersion = 1;
	classes = {
	};
	objectVersion = 46;
	objects = {

/* Begin PBXBuildFile section */
		5DD6A0591A54A3D800CEF2BC /* AppDelegate.swift in Sources */ = {isa = PBXBuildFile; fileRef = 5DD6A0581A54A3D800CEF2BC /* AppDelegate.swift */; };
		5DD6A05B1A54A3D800CEF2BC /* ViewController.swift in Sources */ = {isa = PBXBuildFile; fileRef = 5DD6A05A1A54A3D800CEF2BC /* ViewController.swift */; };
		5DD6A05E1A54A3D800CEF2BC /* Main.storyboard in Resources */ = {isa = PBXBuildFile; fileRef = 5DD6A05C1A54A3D800CEF2BC /* Main.storyboard */; };
		5DD6A0601A54A3D800CEF2BC /* Images.xcassets in Resources */ = {isa = PBXBuildFile; fileRef = 5DD6A05F1A54A3D800CEF2BC /* Images.xcassets */; };
		5DD6A0631A54A3D800CEF2BC /* LaunchScreen.xib in Resources */ = {isa = PBXBuildFile; fileRef = 5DD6A0611A54A3D800CEF2BC /* LaunchScreen.xib */; };
		5DD6A06F1A54A3D800CEF2BC /* TipCalculatorTests.swift in Sources */ = {isa = PBXBuildFile; fileRef = 5DD6A06E1A54A3D800CEF2BC /* TipCalculatorTests.swift */; };
		5DD6A0DA1A5E2A7900CEF2BC /* SettingsViewController.swift in Sources */ = {isa = PBXBuildFile; fileRef = 5DD6A0D91A5E2A7900CEF2BC /* SettingsViewController.swift */; };
		5DD6A0DD1A5E370A00CEF2BC /* Defaults.swift in Sources */ = {isa = PBXBuildFile; fileRef = 5DD6A0DC1A5E370A00CEF2BC /* Defaults.swift */; };
/* End PBXBuildFile section */

/* Begin PBXContainerItemProxy section */
		5DD6A0691A54A3D800CEF2BC /* PBXContainerItemProxy */ = {
			isa = PBXContainerItemProxy;
			containerPortal = 5DD6A04B1A54A3D800CEF2BC /* Project object */;
			proxyType = 1;
			remoteGlobalIDString = 5DD6A0521A54A3D800CEF2BC;
			remoteInfo = TipCalculator;
		};
/* End PBXContainerItemProxy section */

/* Begin PBXFileReference section */
		5DD6A0531A54A3D800CEF2BC /* tipsy.app */ = {isa = PBXFileReference; explicitFileType = wrapper.application; includeInIndex = 0; path = tipsy.app; sourceTree = BUILT_PRODUCTS_DIR; };
		5DD6A0571A54A3D800CEF2BC /* Info.plist */ = {isa = PBXFileReference; lastKnownFileType = text.plist.xml; path = Info.plist; sourceTree = "<group>"; };
		5DD6A0581A54A3D800CEF2BC /* AppDelegate.swift */ = {isa = PBXFileReference; lastKnownFileType = sourcecode.swift; path = AppDelegate.swift; sourceTree = "<group>"; };
		5DD6A05A1A54A3D800CEF2BC /* ViewController.swift */ = {isa = PBXFileReference; lastKnownFileType = sourcecode.swift; path = ViewController.swift; sourceTree = "<group>"; };
		5DD6A05D1A54A3D800CEF2BC /* Base */ = {isa = PBXFileReference; lastKnownFileType = file.storyboard; name = Base; path = Base.lproj/Main.storyboard; sourceTree = "<group>"; };
		5DD6A05F1A54A3D800CEF2BC /* Images.xcassets */ = {isa = PBXFileReference; lastKnownFileType = folder.assetcatalog; path = Images.xcassets; sourceTree = "<group>"; };
		5DD6A0621A54A3D800CEF2BC /* Base */ = {isa = PBXFileReference; lastKnownFileType = file.xib; name = Base; path = Base.lproj/LaunchScreen.xib; sourceTree = "<group>"; };
		5DD6A0681A54A3D800CEF2BC /* tipsyTests.xctest */ = {isa = PBXFileReference; explicitFileType = wrapper.cfbundle; includeInIndex = 0; path = tipsyTests.xctest; sourceTree = BUILT_PRODUCTS_DIR; };
		5DD6A06D1A54A3D800CEF2BC /* Info.plist */ = {isa = PBXFileReference; lastKnownFileType = text.plist.xml; path = Info.plist; sourceTree = "<group>"; };
		5DD6A06E1A54A3D800CEF2BC /* TipCalculatorTests.swift */ = {isa = PBXFileReference; lastKnownFileType = sourcecode.swift; path = TipCalculatorTests.swift; sourceTree = "<group>"; };
		5DD6A0D91A5E2A7900CEF2BC /* SettingsViewController.swift */ = {isa = PBXFileReference; fileEncoding = 4; lastKnownFileType = sourcecode.swift; path = SettingsViewController.swift; sourceTree = "<group>"; };
		5DD6A0DC1A5E370A00CEF2BC /* Defaults.swift */ = {isa = PBXFileReference; fileEncoding = 4; lastKnownFileType = sourcecode.swift; path = Defaults.swift; sourceTree = "<group>"; };
/* End PBXFileReference section */

/* Begin PBXFrameworksBuildPhase section */
		5DD6A0501A54A3D800CEF2BC /* Frameworks */ = {
			isa = PBXFrameworksBuildPhase;
			buildActionMask = 2147483647;
			files = (
			);
			runOnlyForDeploymentPostprocessing = 0;
		};
		5DD6A0651A54A3D800CEF2BC /* Frameworks */ = {
			isa = PBXFrameworksBuildPhase;
			buildActionMask = 2147483647;
			files = (
			);
			runOnlyForDeploymentPostprocessing = 0;
		};
/* End PBXFrameworksBuildPhase section */

/* Begin PBXGroup section */
		5DD6A04A1A54A3D800CEF2BC = {
			isa = PBXGroup;
			children = (
				5DD6A0551A54A3D800CEF2BC /* TipCalculator */,
				5DD6A06B1A54A3D800CEF2BC /* TipCalculatorTests */,
				5DD6A0541A54A3D800CEF2BC /* Products */,
			);
			sourceTree = "<group>";
		};
		5DD6A0541A54A3D800CEF2BC /* Products */ = {
			isa = PBXGroup;
			children = (
				5DD6A0531A54A3D800CEF2BC /* tipsy.app */,
				5DD6A0681A54A3D800CEF2BC /* tipsyTests.xctest */,
			);
			name = Products;
			sourceTree = "<group>";
		};
		5DD6A0551A54A3D800CEF2BC /* TipCalculator */ = {
			isa = PBXGroup;
			children = (
				5DD6A0DB1A5E2A9D00CEF2BC /* ViewControllers */,
				5DD6A0581A54A3D800CEF2BC /* AppDelegate.swift */,
				5DD6A05A1A54A3D800CEF2BC /* ViewController.swift */,
				5DD6A05C1A54A3D800CEF2BC /* Main.storyboard */,
				5DD6A05F1A54A3D800CEF2BC /* Images.xcassets */,
				5DD6A0611A54A3D800CEF2BC /* LaunchScreen.xib */,
				5DD6A0561A54A3D800CEF2BC /* Supporting Files */,
				5DD6A0DC1A5E370A00CEF2BC /* Defaults.swift */,
			);
			path = TipCalculator;
			sourceTree = "<group>";
		};
		5DD6A0561A54A3D800CEF2BC /* Supporting Files */ = {
			isa = PBXGroup;
			children = (
				5DD6A0571A54A3D800CEF2BC /* Info.plist */,
			);
			name = "Supporting Files";
			sourceTree = "<group>";
		};
		5DD6A06B1A54A3D800CEF2BC /* TipCalculatorTests */ = {
			isa = PBXGroup;
			children = (
				5DD6A06E1A54A3D800CEF2BC /* TipCalculatorTests.swift */,
				5DD6A06C1A54A3D800CEF2BC /* Supporting Files */,
			);
			path = TipCalculatorTests;
			sourceTree = "<group>";
		};
		5DD6A06C1A54A3D800CEF2BC /* Supporting Files */ = {
			isa = PBXGroup;
			children = (
				5DD6A06D1A54A3D800CEF2BC /* Info.plist */,
			);
			name = "Supporting Files";
			sourceTree = "<group>";
		};
		5DD6A0DB1A5E2A9D00CEF2BC /* ViewControllers */ = {
			isa = PBXGroup;
			children = (
				5DD6A0D91A5E2A7900CEF2BC /* SettingsViewController.swift */,
			);
			name = ViewControllers;
			sourceTree = "<group>";
		};
/* End PBXGroup section */

/* Begin PBXNativeTarget section */
		5DD6A0521A54A3D800CEF2BC /* tipsy */ = {
			isa = PBXNativeTarget;
			buildConfigurationList = 5DD6A0721A54A3D800CEF2BC /* Build configuration list for PBXNativeTarget "tipsy" */;
			buildPhases = (
				5DD6A04F1A54A3D800CEF2BC /* Sources */,
				5DD6A0501A54A3D800CEF2BC /* Frameworks */,
				5DD6A0511A54A3D800CEF2BC /* Resources */,
			);
			buildRules = (
			);
			dependencies = (
			);
			name = tipsy;
			productName = TipCalculator;
			productReference = 5DD6A0531A54A3D800CEF2BC /* tipsy.app */;
			productType = "com.apple.product-type.application";
		};
		5DD6A0671A54A3D800CEF2BC /* tipsyTests */ = {
			isa = PBXNativeTarget;
			buildConfigurationList = 5DD6A0751A54A3D800CEF2BC /* Build configuration list for PBXNativeTarget "tipsyTests" */;
			buildPhases = (
				5DD6A0641A54A3D800CEF2BC /* Sources */,
				5DD6A0651A54A3D800CEF2BC /* Frameworks */,
				5DD6A0661A54A3D800CEF2BC /* Resources */,
			);
			buildRules = (
			);
			dependencies = (
				5DD6A06A1A54A3D800CEF2BC /* PBXTargetDependency */,
			);
			name = tipsyTests;
			productName = TipCalculatorTests;
			productReference = 5DD6A0681A54A3D800CEF2BC /* tipsyTests.xctest */;
			productType = "com.apple.product-type.bundle.unit-test";
		};
/* End PBXNativeTarget section */

/* Begin PBXProject section */
		5DD6A04B1A54A3D800CEF2BC /* Project object */ = {
			isa = PBXProject;
			attributes = {
				LastUpgradeCheck = 0610;
				ORGANIZATIONNAME = "Dan Hipschman";
				TargetAttributes = {
					5DD6A0521A54A3D800CEF2BC = {
						CreatedOnToolsVersion = 6.1.1;
					};
					5DD6A0671A54A3D800CEF2BC = {
						CreatedOnToolsVersion = 6.1.1;
						TestTargetID = 5DD6A0521A54A3D800CEF2BC;
					};
				};
			};
			buildConfigurationList = 5DD6A04E1A54A3D800CEF2BC /* Build configuration list for PBXProject "tipsy" */;
			compatibilityVersion = "Xcode 3.2";
			developmentRegion = English;
			hasScannedForEncodings = 0;
			knownRegions = (
				en,
				Base,
			);
			mainGroup = 5DD6A04A1A54A3D800CEF2BC;
			productRefGroup = 5DD6A0541A54A3D800CEF2BC /* Products */;
			projectDirPath = "";
			projectRoot = "";
			targets = (
				5DD6A0521A54A3D800CEF2BC /* tipsy */,
				5DD6A0671A54A3D800CEF2BC /* tipsyTests */,
			);
		};
/* End PBXProject section */

/* Begin PBXResourcesBuildPhase section */
		5DD6A0511A54A3D800CEF2BC /* Resources */ = {
			isa = PBXResourcesBuildPhase;
			buildActionMask = 2147483647;
			files = (
				5DD6A05E1A54A3D800CEF2BC /* Main.storyboard in Resources */,
				5DD6A0631A54A3D800CEF2BC /* LaunchScreen.xib in Resources */,
				5DD6A0601A54A3D800CEF2BC /* Images.xcassets in Resources */,
			);
			runOnlyForDeploymentPostprocessing = 0;
		};
		5DD6A0661A54A3D800CEF2BC /* Resources */ = {
			isa = PBXResourcesBuildPhase;
			buildActionMask = 2147483647;
			files = (
			);
			runOnlyForDeploymentPostprocessing = 0;
		};
/* End PBXResourcesBuildPhase section */

/* Begin PBXSourcesBuildPhase section */
		5DD6A04F1A54A3D800CEF2BC /* Sources */ = {
			isa = PBXSourcesBuildPhase;
			buildActionMask = 2147483647;
			files = (
				5DD6A05B1A54A3D800CEF2BC /* ViewController.swift in Sources */,
				5DD6A0DD1A5E370A00CEF2BC /* Defaults.swift in Sources */,
				5DD6A0591A54A3D800CEF2BC /* AppDelegate.swift in Sources */,
				5DD6A0DA1A5E2A7900CEF2BC /* SettingsViewController.swift in Sources */,
			);
			runOnlyForDeploymentPostprocessing = 0;
		};
		5DD6A0641A54A3D800CEF2BC /* Sources */ = {
			isa = PBXSourcesBuildPhase;
			buildActionMask = 2147483647;
			files = (
				5DD6A06F1A54A3D800CEF2BC /* TipCalculatorTests.swift in Sources */,
			);
			runOnlyForDeploymentPostprocessing = 0;
		};
/* End PBXSourcesBuildPhase section */

/* Begin PBXTargetDependency section */
		5DD6A06A1A54A3D800CEF2BC /* PBXTargetDependency */ = {
			isa = PBXTargetDependency;
			target = 5DD6A0521A54A3D800CEF2BC /* tipsy */;
			targetProxy = 5DD6A0691A54A3D800CEF2BC /* PBXContainerItemProxy */;
		};
/* End PBXTargetDependency section */

/* Begin PBXVariantGroup section */
		5DD6A05C1A54A3D800CEF2BC /* Main.storyboard */ = {
			isa = PBXVariantGroup;
			children = (
				5DD6A05D1A54A3D800CEF2BC /* Base */,
			);
			name = Main.storyboard;
			sourceTree = "<group>";
		};
		5DD6A0611A54A3D800CEF2BC /* LaunchScreen.xib */ = {
			isa = PBXVariantGroup;
			children = (
				5DD6A0621A54A3D800CEF2BC /* Base */,
			);
			name = LaunchScreen.xib;
			sourceTree = "<group>";
		};
/* End PBXVariantGroup section */

/* Begin XCBuildConfiguration section */
		5DD6A0701A54A3D800CEF2BC /* Debug */ = {
			isa = XCBuildConfiguration;
			buildSettings = {
				ALWAYS_SEARCH_USER_PATHS = NO;
				CLANG_CXX_LANGUAGE_STANDARD = "gnu++0x";
				CLANG_CXX_LIBRARY = "libc++";
				CLANG_ENABLE_MODULES = YES;
				CLANG_ENABLE_OBJC_ARC = YES;
				CLANG_WARN_BOOL_CONVERSION = YES;
				CLANG_WARN_CONSTANT_CONVERSION = YES;
				CLANG_WARN_DIRECT_OBJC_ISA_USAGE = YES_ERROR;
				CLANG_WARN_EMPTY_BODY = YES;
				CLANG_WARN_ENUM_CONVERSION = YES;
				CLANG_WARN_INT_CONVERSION = YES;
				CLANG_WARN_OBJC_ROOT_CLASS = YES_ERROR;
				CLANG_WARN_UNREACHABLE_CODE = YES;
				CLANG_WARN__DUPLICATE_METHOD_MATCH = YES;
				"CODE_SIGN_IDENTITY[sdk=iphoneos*]" = "iPhone Developer";
				COPY_PHASE_STRIP = NO;
				ENABLE_STRICT_OBJC_MSGSEND = YES;
				GCC_C_LANGUAGE_STANDARD = gnu99;
				GCC_DYNAMIC_NO_PIC = NO;
				GCC_OPTIMIZATION_LEVEL = 0;
				GCC_PREPROCESSOR_DEFINITIONS = (
					"DEBUG=1",
					"$(inherited)",
				);
				GCC_SYMBOLS_PRIVATE_EXTERN = NO;
				GCC_WARN_64_TO_32_BIT_CONVERSION = YES;
				GCC_WARN_ABOUT_RETURN_TYPE = YES_ERROR;
				GCC_WARN_UNDECLARED_SELECTOR = YES;
				GCC_WARN_UNINITIALIZED_AUTOS = YES_AGGRESSIVE;
				GCC_WARN_UNUSED_FUNCTION = YES;
				GCC_WARN_UNUSED_VARIABLE = YES;
				IPHONEOS_DEPLOYMENT_TARGET = 8.1;
				MTL_ENABLE_DEBUG_INFO = YES;
				ONLY_ACTIVE_ARCH = YES;
				SDKROOT = iphoneos;
				SWIFT_OPTIMIZATION_LEVEL = "-Onone";
				TARGETED_DEVICE_FAMILY = "1,2";
			};
			name = Debug;
		};
		5DD6A0711A54A3D800CEF2BC /* Release */ = {
			isa = XCBuildConfiguration;
			buildSettings = {
				ALWAYS_SEARCH_USER_PATHS = NO;
				CLANG_CXX_LANGUAGE_STANDARD = "gnu++0x";
				CLANG_CXX_LIBRARY = "libc++";
				CLANG_ENABLE_MODULES = YES;
				CLANG_ENABLE_OBJC_ARC = YES;
				CLANG_WARN_BOOL_CONVERSION = YES;
				CLANG_WARN_CONSTANT_CONVERSION = YES;
				CLANG_WARN_DIRECT_OBJC_ISA_USAGE = YES_ERROR;
				CLANG_WARN_EMPTY_BODY = YES;
				CLANG_WARN_ENUM_CONVERSION = YES;
				CLANG_WARN_INT_CONVERSION = YES;
				CLANG_WARN_OBJC_ROOT_CLASS = YES_ERROR;
				CLANG_WARN_UNREACHABLE_CODE = YES;
				CLANG_WARN__DUPLICATE_METHOD_MATCH = YES;
				"CODE_SIGN_IDENTITY[sdk=iphoneos*]" = "iPhone Developer";
				COPY_PHASE_STRIP = YES;
				ENABLE_NS_ASSERTIONS = NO;
				ENABLE_STRICT_OBJC_MSGSEND = YES;
				GCC_C_LANGUAGE_STANDARD = gnu99;
				GCC_WARN_64_TO_32_BIT_CONVERSION = YES;
				GCC_WARN_ABOUT_RETURN_TYPE = YES_ERROR;
				GCC_WARN_UNDECLARED_SELECTOR = YES;
				GCC_WARN_UNINITIALIZED_AUTOS = YES_AGGRESSIVE;
				GCC_WARN_UNUSED_FUNCTION = YES;
				GCC_WARN_UNUSED_VARIABLE = YES;
				IPHONEOS_DEPLOYMENT_TARGET = 8.1;
				MTL_ENABLE_DEBUG_INFO = NO;
				SDKROOT = iphoneos;
				TARGETED_DEVICE_FAMILY = "1,2";
				VALIDATE_PRODUCT = YES;
			};
			name = Release;
		};
		5DD6A0731A54A3D800CEF2BC /* Debug */ = {
			isa = XCBuildConfiguration;
			buildSettings = {
				ASSETCATALOG_COMPILER_APPICON_NAME = AppIcon;
				INFOPLIST_FILE = TipCalculator/Info.plist;
				IPHONEOS_DEPLOYMENT_TARGET = 8.1;
				LD_RUNPATH_SEARCH_PATHS = "$(inherited) @executable_path/Frameworks";
				PRODUCT_NAME = tipsy;
				TARGETED_DEVICE_FAMILY = 1;
			};
			name = Debug;
		};
		5DD6A0741A54A3D800CEF2BC /* Release */ = {
			isa = XCBuildConfiguration;
			buildSettings = {
				ASSETCATALOG_COMPILER_APPICON_NAME = AppIcon;
				INFOPLIST_FILE = TipCalculator/Info.plist;
				IPHONEOS_DEPLOYMENT_TARGET = 8.1;
				LD_RUNPATH_SEARCH_PATHS = "$(inherited) @executable_path/Frameworks";
				PRODUCT_NAME = tipsy;
				TARGETED_DEVICE_FAMILY = 1;
			};
			name = Release;
		};
		5DD6A0761A54A3D800CEF2BC /* Debug */ = {
			isa = XCBuildConfiguration;
			buildSettings = {
				BUNDLE_LOADER = "$(TEST_HOST)";
				FRAMEWORK_SEARCH_PATHS = (
					"$(SDKROOT)/Developer/Library/Frameworks",
					"$(inherited)",
				);
				GCC_PREPROCESSOR_DEFINITIONS = (
					"DEBUG=1",
					"$(inherited)",
				);
				INFOPLIST_FILE = TipCalculatorTests/Info.plist;
				LD_RUNPATH_SEARCH_PATHS = "$(inherited) @executable_path/Frameworks @loader_path/Frameworks";
				PRODUCT_NAME = tipsyTests;
				TARGETED_DEVICE_FAMILY = 1;
			};
			name = Debug;
		};
		5DD6A0771A54A3D800CEF2BC /* Release */ = {
			isa = XCBuildConfiguration;
			buildSettings = {
				BUNDLE_LOADER = "$(TEST_HOST)";
				FRAMEWORK_SEARCH_PATHS = (
					"$(SDKROOT)/Developer/Library/Frameworks",
					"$(inherited)",
				);
				INFOPLIST_FILE = TipCalculatorTests/Info.plist;
				LD_RUNPATH_SEARCH_PATHS = "$(inherited) @executable_path/Frameworks @loader_path/Frameworks";
				PRODUCT_NAME = tipsyTests;
				TARGETED_DEVICE_FAMILY = 1;
			};
			name = Release;
		};
/* End XCBuildConfiguration section */

/* Begin XCConfigurationList section */
		5DD6A04E1A54A3D800CEF2BC /* Build configuration list for PBXProject "tipsy" */ = {
			isa = XCConfigurationList;
			buildConfigurations = (
				5DD6A0701A54A3D800CEF2BC /* Debug */,
				5DD6A0711A54A3D800CEF2BC /* Release */,
			);
			defaultConfigurationIsVisible = 0;
			defaultConfigurationName = Release;
		};
		5DD6A0721A54A3D800CEF2BC /* Build configuration list for PBXNativeTarget "tipsy" */ = {
			isa = XCConfigurationList;
			buildConfigurations = (
				5DD6A0731A54A3D800CEF2BC /* Debug */,
				5DD6A0741A54A3D800CEF2BC /* Release */,
			);
			defaultConfigurationIsVisible = 0;
			defaultConfigurationName = Release;
		};
		5DD6A0751A54A3D800CEF2BC /* Build configuration list for PBXNativeTarget "tipsyTests" */ = {
			isa = XCConfigurationList;
			buildConfigurations = (
				5DD6A0761A54A3D800CEF2BC /* Debug */,
				5DD6A0771A54A3D800CEF2BC /* Release */,
			);
			defaultConfigurationIsVisible = 0;
			defaultConfigurationName = Release;
		};
/* End XCConfigurationList section */
	};
	rootObject = 5DD6A04B1A54A3D800CEF2BC /* Project object */;
}
